
Microsoft Visual Studio Solution File, Format Version 12.00
# Visual Studio 2012
Project("{FAE04EC0-301F-11D3-BF4B-00C04F79EFBC}") = "LocalHost", "LocalHost\LocalHost.csproj", "{EEEBBB6F-3510-432A-8FF2-37A73E3EE020}"
EndProject
Project("{FAE04EC0-301F-11D3-BF4B-00C04F79EFBC}") = "LocalHost.iOS", "iOS\LocalHost.iOS.csproj", "{772A3598-62C6-45CB-8CF5-1C8A6D3E48A7}"
EndProject
Project("{FAE04EC0-301F-11D3-BF4B-00C04F79EFBC}") = "LocalHost.Droid", "Droid\LocalHost.Droid.csproj", "{877E3BD0-02E3-4916-AA49-159BD0BFC14B}"
EndProject
Global
	GlobalSection(SolutionConfigurationPlatforms) = preSolution
		Debug|Any CPU = Debug|Any CPU
		Release|Any CPU = Release|Any CPU
		Debug|iPhoneSimulator = Debug|iPhoneSimulator
		Release|iPhone = Release|iPhone
		Release|iPhoneSimulator = Release|iPhoneSimulator
		Debug|iPhone = Debug|iPhone
	EndGlobalSection
	GlobalSection(ProjectConfigurationPlatforms) = postSolution
		{EEEBBB6F-3510-432A-8FF2-37A73E3EE020}.Debug|Any CPU.ActiveCfg = Debug|Any CPU
		{EEEBBB6F-3510-432A-8FF2-37A73E3EE020}.Debug|Any CPU.Build.0 = Debug|Any CPU
		{EEEBBB6F-3510-432A-8FF2-37A73E3EE020}.Release|Any CPU.ActiveCfg = Release|Any CPU
		{EEEBBB6F-3510-432A-8FF2-37A73E3EE020}.Release|Any CPU.Build.0 = Release|Any CPU
		{EEEBBB6F-3510-432A-8FF2-37A73E3EE020}.Debug|iPhoneSimulator.ActiveCfg = Debug|Any CPU
		{EEEBBB6F-3510-432A-8FF2-37A73E3EE020}.Debug|iPhoneSimulator.Build.0 = Debug|Any CPU
		{EEEBBB6F-3510-432A-8FF2-37A73E3EE020}.Release|iPhone.ActiveCfg = Release|Any CPU
		{EEEBBB6F-3510-432A-8FF2-37A73E3EE020}.Release|iPhone.Build.0 = Release|Any CPU
		{EEEBBB6F-3510-432A-8FF2-37A73E3EE020}.Release|iPhoneSimulator.ActiveCfg = Release|Any CPU
		{EEEBBB6F-3510-432A-8FF2-37A73E3EE020}.Release|iPhoneSimulator.Build.0 = Release|Any CPU
		{EEEBBB6F-3510-432A-8FF2-37A73E3EE020}.Debug|iPhone.ActiveCfg = Debug|Any CPU
		{EEEBBB6F-3510-432A-8FF2-37A73E3EE020}.Debug|iPhone.Build.0 = Debug|Any CPU
		{772A3598-62C6-45CB-8CF5-1C8A6D3E48A7}.Debug|Any CPU.ActiveCfg = Debug|iPhoneSimulator
		{772A3598-62C6-45CB-8CF5-1C8A6D3E48A7}.Debug|Any CPU.Build.0 = Debug|iPhoneSimulator
		{772A3598-62C6-45CB-8CF5-1C8A6D3E48A7}.Release|Any CPU.ActiveCfg = Release|iPhone
		{772A3598-62C6-45CB-8CF5-1C8A6D3E48A7}.Release|Any CPU.Build.0 = Release|iPhone
		{772A3598-62C6-45CB-8CF5-1C8A6D3E48A7}.Debug|iPhoneSimulator.ActiveCfg = Debug|iPhoneSimulator
		{772A3598-62C6-45CB-8CF5-1C8A6D3E48A7}.Debug|iPhoneSimulator.Build.0 = Debug|iPhoneSimulator
		{772A3598-62C6-45CB-8CF5-1C8A6D3E48A7}.Release|iPhone.ActiveCfg = Release|iPhone
		{772A3598-62C6-45CB-8CF5-1C8A6D3E48A7}.Release|iPhone.Build.0 = Release|iPhone
		{772A3598-62C6-45CB-8CF5-1C8A6D3E48A7}.Release|iPhoneSimulator.ActiveCfg = Release|iPhoneSimulator
		{772A3598-62C6-45CB-8CF5-1C8A6D3E48A7}.Release|iPhoneSimulator.Build.0 = Release|iPhoneSimulator
		{772A3598-62C6-45CB-8CF5-1C8A6D3E48A7}.Debug|iPhone.ActiveCfg = Debug|iPhone
		{772A3598-62C6-45CB-8CF5-1C8A6D3E48A7}.Debug|iPhone.Build.0 = Debug|iPhone
		{877E3BD0-02E3-4916-AA49-159BD0BFC14B}.Debug|Any CPU.ActiveCfg = Debug|Any CPU
		{877E3BD0-02E3-4916-AA49-159BD0BFC14B}.Debug|Any CPU.Build.0 = Debug|Any CPU
		{877E3BD0-02E3-4916-AA49-159BD0BFC14B}.Release|Any CPU.ActiveCfg = Release|Any CPU
		{877E3BD0-02E3-4916-AA49-159BD0BFC14B}.Release|Any CPU.Build.0 = Release|Any CPU
		{877E3BD0-02E3-4916-AA49-159BD0BFC14B}.Debug|iPhoneSimulator.ActiveCfg = Debug|Any CPU
		{877E3BD0-02E3-4916-AA49-159BD0BFC14B}.Debug|iPhoneSimulator.Build.0 = Debug|Any CPU
		{877E3BD0-02E3-4916-AA49-159BD0BFC14B}.Release|iPhone.ActiveCfg = Release|Any CPU
		{877E3BD0-02E3-4916-AA49-159BD0BFC14B}.Release|iPhone.Build.0 = Release|Any CPU
		{877E3BD0-02E3-4916-AA49-159BD0BFC14B}.Release|iPhoneSimulator.ActiveCfg = Release|Any CPU
		{877E3BD0-02E3-4916-AA49-159BD0BFC14B}.Release|iPhoneSimulator.Build.0 = Release|Any CPU
		{877E3BD0-02E3-4916-AA49-159BD0BFC14B}.Debug|iPhone.ActiveCfg = Debug|Any CPU
		{877E3BD0-02E3-4916-AA49-159BD0BFC14B}.Debug|iPhone.Build.0 = Debug|Any CPU
	EndGlobalSection
EndGlobal
